
Microsoft Visual Studio Solution File, Format Version 12.00
# Visual Studio Version 17
VisualStudioVersion = 17.8.34330.188
MinimumVisualStudioVersion = 10.0.40219.1
Project("{FAE04EC0-301F-11D3-BF4B-00C04F79EFBC}") = "ForumBackend", "ForumBackend\ForumBackend.csproj", "{952DEE37-6A5E-4563-8277-BA5F429B5B13}"
EndProject
Global
	GlobalSection(SolutionConfigurationPlatforms) = preSolution
		Debug|Any CPU = Debug|Any CPU
		Release|Any CPU = Release|Any CPU
	EndGlobalSection
	GlobalSection(ProjectConfigurationPlatforms) = postSolution
		{952DEE37-6A5E-4563-8277-BA5F429B5B13}.Debug|Any CPU.ActiveCfg = Debug|Any CPU
		{952DEE37-6A5E-4563-8277-BA5F429B5B13}.Debug|Any CPU.Build.0 = Debug|Any CPU
		{952DEE37-6A5E-4563-8277-BA5F429B5B13}.Release|Any CPU.ActiveCfg = Release|Any CPU
		{952DEE37-6A5E-4563-8277-BA5F429B5B13}.Release|Any CPU.Build.0 = Release|Any CPU
	EndGlobalSection
	GlobalSection(SolutionProperties) = preSolution
		HideSolutionNode = FALSE
	EndGlobalSection
	GlobalSection(ExtensibilityGlobals) = postSolution
		SolutionGuid = {79900282-7734-4AEC-A81A-11F4EB97EB2A}
	EndGlobalSection
EndGlobal
